
Microsoft Visual Studio Solution File, Format Version 12.00
# Visual Studio Version 16
VisualStudioVersion = 16.0.30128.74
MinimumVisualStudioVersion = 10.0.40219.1
Project("{FAE04EC0-301F-11D3-BF4B-00C04F79EFBC}") = "Phoneword", "Phoneword.csproj", "{84EF5A1E-D43A-437C-88F0-F11FC1E86DA9}"
EndProject
Global
	GlobalSection(SolutionConfigurationPlatforms) = preSolution
		Debug|Any CPU = Debug|Any CPU
		Release|Any CPU = Release|Any CPU
	EndGlobalSection
	GlobalSection(ProjectConfigurationPlatforms) = postSolution
		{84EF5A1E-D43A-437C-88F0-F11FC1E86DA9}.Debug|Any CPU.ActiveCfg = Debug|Any CPU
		{84EF5A1E-D43A-437C-88F0-F11FC1E86DA9}.Debug|Any CPU.Build.0 = Debug|Any CPU
		{84EF5A1E-D43A-437C-88F0-F11FC1E86DA9}.Debug|Any CPU.Deploy.0 = Debug|Any CPU
		{84EF5A1E-D43A-437C-88F0-F11FC1E86DA9}.Release|Any CPU.ActiveCfg = Release|Any CPU
		{84EF5A1E-D43A-437C-88F0-F11FC1E86DA9}.Release|Any CPU.Build.0 = Release|Any CPU
		{84EF5A1E-D43A-437C-88F0-F11FC1E86DA9}.Release|Any CPU.Deploy.0 = Release|Any CPU
	EndGlobalSection
	GlobalSection(SolutionProperties) = preSolution
		HideSolutionNode = FALSE
	EndGlobalSection
	GlobalSection(ExtensibilityGlobals) = postSolution
		SolutionGuid = {4830A461-DA51-49F6-B7E7-BCA43D01633F}
	EndGlobalSection
EndGlobal
